
Microsoft Visual Studio Solution File, Format Version 12.00
# Visual Studio 14
VisualStudioVersion = 14.0.25420.1
MinimumVisualStudioVersion = 10.0.40219.1
Project("{FAE04EC0-301F-11D3-BF4B-00C04F79EFBC}") = "NarrativeWorldCreator", "NarrativeWorldCreator\NarrativeWorldCreator.csproj", "{94813974-1786-4045-B4A4-A31EC4F5395C}"
EndProject
Project("{FAE04EC0-301F-11D3-BF4B-00C04F79EFBC}") = "MonoGame.Framework.WpfInterop", "MonoGame.Framework.WpfInterop\MonoGame.Framework.WpfInterop.csproj", "{809F0D79-AEDC-4754-A213-FDBE97CCD6D6}"
EndProject
Project("{FAE04EC0-301F-11D3-BF4B-00C04F79EFBC}") = "Common", "Common\Common.csproj", "{49C2878F-3AE3-4B49-8255-3D48557A2A20}"
EndProject
Project("{FAE04EC0-301F-11D3-BF4B-00C04F79EFBC}") = "GameSemantics", "GameSemantics\GameSemantics.csproj", "{461CD61B-7803-44F1-A7D7-3F18CB05E21B}"
EndProject
Project("{FAE04EC0-301F-11D3-BF4B-00C04F79EFBC}") = "Semantics", "Semantics\Semantics.csproj", "{621EF42A-7018-4B4C-9CC5-80636FD2D398}"
EndProject
Project("{FAE04EC0-301F-11D3-BF4B-00C04F79EFBC}") = "Narratives", "Narrative\Narratives.csproj", "{5FF6F1BC-9868-475B-8826-42C9AB958418}"
EndProject
Global
	GlobalSection(SolutionConfigurationPlatforms) = preSolution
		Debug Renderer|Any CPU = Debug Renderer|Any CPU
		Debug Renderer|x86 = Debug Renderer|x86
		Debug_contained|Any CPU = Debug_contained|Any CPU
		Debug_contained|x86 = Debug_contained|x86
		Debug|Any CPU = Debug|Any CPU
		Debug|x86 = Debug|x86
		Release Interface|Any CPU = Release Interface|Any CPU
		Release Interface|x86 = Release Interface|x86
		Release|Any CPU = Release|Any CPU
		Release|x86 = Release|x86
	EndGlobalSection
	GlobalSection(ProjectConfigurationPlatforms) = postSolution
		{94813974-1786-4045-B4A4-A31EC4F5395C}.Debug Renderer|Any CPU.ActiveCfg = Debug|Any CPU
		{94813974-1786-4045-B4A4-A31EC4F5395C}.Debug Renderer|Any CPU.Build.0 = Debug|Any CPU
		{94813974-1786-4045-B4A4-A31EC4F5395C}.Debug Renderer|x86.ActiveCfg = Debug|Any CPU
		{94813974-1786-4045-B4A4-A31EC4F5395C}.Debug Renderer|x86.Build.0 = Debug|Any CPU
		{94813974-1786-4045-B4A4-A31EC4F5395C}.Debug_contained|Any CPU.ActiveCfg = Debug|Any CPU
		{94813974-1786-4045-B4A4-A31EC4F5395C}.Debug_contained|Any CPU.Build.0 = Debug|Any CPU
		{94813974-1786-4045-B4A4-A31EC4F5395C}.Debug_contained|x86.ActiveCfg = Debug|Any CPU
		{94813974-1786-4045-B4A4-A31EC4F5395C}.Debug_contained|x86.Build.0 = Debug|Any CPU
		{94813974-1786-4045-B4A4-A31EC4F5395C}.Debug|Any CPU.ActiveCfg = Debug|Any CPU
		{94813974-1786-4045-B4A4-A31EC4F5395C}.Debug|Any CPU.Build.0 = Debug|Any CPU
		{94813974-1786-4045-B4A4-A31EC4F5395C}.Debug|x86.ActiveCfg = Debug|Any CPU
		{94813974-1786-4045-B4A4-A31EC4F5395C}.Debug|x86.Build.0 = Debug|Any CPU
		{94813974-1786-4045-B4A4-A31EC4F5395C}.Release Interface|Any CPU.ActiveCfg = Release|Any CPU
		{94813974-1786-4045-B4A4-A31EC4F5395C}.Release Interface|Any CPU.Build.0 = Release|Any CPU
		{94813974-1786-4045-B4A4-A31EC4F5395C}.Release Interface|x86.ActiveCfg = Release|Any CPU
		{94813974-1786-4045-B4A4-A31EC4F5395C}.Release Interface|x86.Build.0 = Release|Any CPU
		{94813974-1786-4045-B4A4-A31EC4F5395C}.Release|Any CPU.ActiveCfg = Release|Any CPU
		{94813974-1786-4045-B4A4-A31EC4F5395C}.Release|Any CPU.Build.0 = Release|Any CPU
		{94813974-1786-4045-B4A4-A31EC4F5395C}.Release|x86.ActiveCfg = Release|Any CPU
		{94813974-1786-4045-B4A4-A31EC4F5395C}.Release|x86.Build.0 = Release|Any CPU
		{809F0D79-AEDC-4754-A213-FDBE97CCD6D6}.Debug Renderer|Any CPU.ActiveCfg = Debug|Any CPU
		{809F0D79-AEDC-4754-A213-FDBE97CCD6D6}.Debug Renderer|Any CPU.Build.0 = Debug|Any CPU
		{809F0D79-AEDC-4754-A213-FDBE97CCD6D6}.Debug Renderer|x86.ActiveCfg = Debug|Any CPU
		{809F0D79-AEDC-4754-A213-FDBE97CCD6D6}.Debug Renderer|x86.Build.0 = Debug|Any CPU
		{809F0D79-AEDC-4754-A213-FDBE97CCD6D6}.Debug_contained|Any CPU.ActiveCfg = Debug|Any CPU
		{809F0D79-AEDC-4754-A213-FDBE97CCD6D6}.Debug_contained|Any CPU.Build.0 = Debug|Any CPU
		{809F0D79-AEDC-4754-A213-FDBE97CCD6D6}.Debug_contained|x86.ActiveCfg = Debug|Any CPU
		{809F0D79-AEDC-4754-A213-FDBE97CCD6D6}.Debug_contained|x86.Build.0 = Debug|Any CPU
		{809F0D79-AEDC-4754-A213-FDBE97CCD6D6}.Debug|Any CPU.ActiveCfg = Debug|Any CPU
		{809F0D79-AEDC-4754-A213-FDBE97CCD6D6}.Debug|Any CPU.Build.0 = Debug|Any CPU
		{809F0D79-AEDC-4754-A213-FDBE97CCD6D6}.Debug|x86.ActiveCfg = Debug|Any CPU
		{809F0D79-AEDC-4754-A213-FDBE97CCD6D6}.Debug|x86.Build.0 = Debug|Any CPU
		{809F0D79-AEDC-4754-A213-FDBE97CCD6D6}.Release Interface|Any CPU.ActiveCfg = Release|Any CPU
		{809F0D79-AEDC-4754-A213-FDBE97CCD6D6}.Release Interface|Any CPU.Build.0 = Release|Any CPU
		{809F0D79-AEDC-4754-A213-FDBE97CCD6D6}.Release Interface|x86.ActiveCfg = Release|Any CPU
		{809F0D79-AEDC-4754-A213-FDBE97CCD6D6}.Release Interface|x86.Build.0 = Release|Any CPU
		{809F0D79-AEDC-4754-A213-FDBE97CCD6D6}.Release|Any CPU.ActiveCfg = Release|Any CPU
		{809F0D79-AEDC-4754-A213-FDBE97CCD6D6}.Release|Any CPU.Build.0 = Release|Any CPU
		{809F0D79-AEDC-4754-A213-FDBE97CCD6D6}.Release|x86.ActiveCfg = Release|Any CPU
		{809F0D79-AEDC-4754-A213-FDBE97CCD6D6}.Release|x86.Build.0 = Release|Any CPU
		{49C2878F-3AE3-4B49-8255-3D48557A2A20}.Debug Renderer|Any CPU.ActiveCfg = Debug Renderer|Any CPU
		{49C2878F-3AE3-4B49-8255-3D48557A2A20}.Debug Renderer|Any CPU.Build.0 = Debug Renderer|Any CPU
		{49C2878F-3AE3-4B49-8255-3D48557A2A20}.Debug Renderer|x86.ActiveCfg = Debug Renderer|x86
		{49C2878F-3AE3-4B49-8255-3D48557A2A20}.Debug Renderer|x86.Build.0 = Debug Renderer|x86
		{49C2878F-3AE3-4B49-8255-3D48557A2A20}.Debug_contained|Any CPU.ActiveCfg = Debug_contained|Any CPU
		{49C2878F-3AE3-4B49-8255-3D48557A2A20}.Debug_contained|Any CPU.Build.0 = Debug_contained|Any CPU
		{49C2878F-3AE3-4B49-8255-3D48557A2A20}.Debug_contained|x86.ActiveCfg = Debug_contained|x86
		{49C2878F-3AE3-4B49-8255-3D48557A2A20}.Debug_contained|x86.Build.0 = Debug_contained|x86
		{49C2878F-3AE3-4B49-8255-3D48557A2A20}.Debug|Any CPU.ActiveCfg = Debug|Any CPU
		{49C2878F-3AE3-4B49-8255-3D48557A2A20}.Debug|Any CPU.Build.0 = Debug|Any CPU
		{49C2878F-3AE3-4B49-8255-3D48557A2A20}.Debug|x86.ActiveCfg = Debug|x86
		{49C2878F-3AE3-4B49-8255-3D48557A2A20}.Debug|x86.Build.0 = Debug|x86
		{49C2878F-3AE3-4B49-8255-3D48557A2A20}.Release Interface|Any CPU.ActiveCfg = Release Interface|Any CPU
		{49C2878F-3AE3-4B49-8255-3D48557A2A20}.Release Interface|Any CPU.Build.0 = Release Interface|Any CPU
		{49C2878F-3AE3-4B49-8255-3D48557A2A20}.Release Interface|x86.ActiveCfg = Release Interface|x86
		{49C2878F-3AE3-4B49-8255-3D48557A2A20}.Release Interface|x86.Build.0 = Release Interface|x86
		{49C2878F-3AE3-4B49-8255-3D48557A2A20}.Release|Any CPU.ActiveCfg = Release|Any CPU
		{49C2878F-3AE3-4B49-8255-3D48557A2A20}.Release|Any CPU.Build.0 = Release|Any CPU
		{49C2878F-3AE3-4B49-8255-3D48557A2A20}.Release|x86.ActiveCfg = Release|x86
		{49C2878F-3AE3-4B49-8255-3D48557A2A20}.Release|x86.Build.0 = Release|x86
		{461CD61B-7803-44F1-A7D7-3F18CB05E21B}.Debug Renderer|Any CPU.ActiveCfg = Debug|Any CPU
		{461CD61B-7803-44F1-A7D7-3F18CB05E21B}.Debug Renderer|Any CPU.Build.0 = Debug|Any CPU
		{461CD61B-7803-44F1-A7D7-3F18CB05E21B}.Debug Renderer|x86.ActiveCfg = Debug|x86
		{461CD61B-7803-44F1-A7D7-3F18CB05E21B}.Debug Renderer|x86.Build.0 = Debug|x86
		{461CD61B-7803-44F1-A7D7-3F18CB05E21B}.Debug_contained|Any CPU.ActiveCfg = Debug|Any CPU
		{461CD61B-7803-44F1-A7D7-3F18CB05E21B}.Debug_contained|Any CPU.Build.0 = Debug|Any CPU
		{461CD61B-7803-44F1-A7D7-3F18CB05E21B}.Debug_contained|x86.ActiveCfg = Debug|x86
		{461CD61B-7803-44F1-A7D7-3F18CB05E21B}.Debug_contained|x86.Build.0 = Debug|x86
		{461CD61B-7803-44F1-A7D7-3F18CB05E21B}.Debug|Any CPU.ActiveCfg = Debug|Any CPU
		{461CD61B-7803-44F1-A7D7-3F18CB05E21B}.Debug|Any CPU.Build.0 = Debug|Any CPU
		{461CD61B-7803-44F1-A7D7-3F18CB05E21B}.Debug|x86.ActiveCfg = Debug|x86
		{461CD61B-7803-44F1-A7D7-3F18CB05E21B}.Debug|x86.Build.0 = Debug|x86
		{461CD61B-7803-44F1-A7D7-3F18CB05E21B}.Release Interface|Any CPU.ActiveCfg = Release Interface|Any CPU
		{461CD61B-7803-44F1-A7D7-3F18CB05E21B}.Release Interface|Any CPU.Build.0 = Release Interface|Any CPU
		{461CD61B-7803-44F1-A7D7-3F18CB05E21B}.Release Interface|x86.ActiveCfg = Release Interface|x86
		{461CD61B-7803-44F1-A7D7-3F18CB05E21B}.Release Interface|x86.Build.0 = Release Interface|x86
		{461CD61B-7803-44F1-A7D7-3F18CB05E21B}.Release|Any CPU.ActiveCfg = Release|Any CPU
		{461CD61B-7803-44F1-A7D7-3F18CB05E21B}.Release|Any CPU.Build.0 = Release|Any CPU
		{461CD61B-7803-44F1-A7D7-3F18CB05E21B}.Release|x86.ActiveCfg = Release|x86
		{461CD61B-7803-44F1-A7D7-3F18CB05E21B}.Release|x86.Build.0 = Release|x86
		{621EF42A-7018-4B4C-9CC5-80636FD2D398}.Debug Renderer|Any CPU.ActiveCfg = Debug|Any CPU
		{621EF42A-7018-4B4C-9CC5-80636FD2D398}.Debug Renderer|Any CPU.Build.0 = Debug|Any CPU
		{621EF42A-7018-4B4C-9CC5-80636FD2D398}.Debug Renderer|x86.ActiveCfg = Debug|x86
		{621EF42A-7018-4B4C-9CC5-80636FD2D398}.Debug Renderer|x86.Build.0 = Debug|x86
		{621EF42A-7018-4B4C-9CC5-80636FD2D398}.Debug_contained|Any CPU.ActiveCfg = Debug|Any CPU
		{621EF42A-7018-4B4C-9CC5-80636FD2D398}.Debug_contained|Any CPU.Build.0 = Debug|Any CPU
		{621EF42A-7018-4B4C-9CC5-80636FD2D398}.Debug_contained|x86.ActiveCfg = Debug|x86
		{621EF42A-7018-4B4C-9CC5-80636FD2D398}.Debug_contained|x86.Build.0 = Debug|x86
		{621EF42A-7018-4B4C-9CC5-80636FD2D398}.Debug|Any CPU.ActiveCfg = Debug|Any CPU
		{621EF42A-7018-4B4C-9CC5-80636FD2D398}.Debug|Any CPU.Build.0 = Debug|Any CPU
		{621EF42A-7018-4B4C-9CC5-80636FD2D398}.Debug|x86.ActiveCfg = Debug|x86
		{621EF42A-7018-4B4C-9CC5-80636FD2D398}.Debug|x86.Build.0 = Debug|x86
		{621EF42A-7018-4B4C-9CC5-80636FD2D398}.Release Interface|Any CPU.ActiveCfg = Release Interface|Any CPU
		{621EF42A-7018-4B4C-9CC5-80636FD2D398}.Release Interface|Any CPU.Build.0 = Release Interface|Any CPU
		{621EF42A-7018-4B4C-9CC5-80636FD2D398}.Release Interface|x86.ActiveCfg = Release Interface|x86
		{621EF42A-7018-4B4C-9CC5-80636FD2D398}.Release Interface|x86.Build.0 = Release Interface|x86
		{621EF42A-7018-4B4C-9CC5-80636FD2D398}.Release|Any CPU.ActiveCfg = Release|Any CPU
		{621EF42A-7018-4B4C-9CC5-80636FD2D398}.Release|Any CPU.Build.0 = Release|Any CPU
		{621EF42A-7018-4B4C-9CC5-80636FD2D398}.Release|x86.ActiveCfg = Release|x86
		{621EF42A-7018-4B4C-9CC5-80636FD2D398}.Release|x86.Build.0 = Release|x86
		{5FF6F1BC-9868-475B-8826-42C9AB958418}.Debug Renderer|Any CPU.ActiveCfg = Debug|Any CPU
		{5FF6F1BC-9868-475B-8826-42C9AB958418}.Debug Renderer|Any CPU.Build.0 = Debug|Any CPU
		{5FF6F1BC-9868-475B-8826-42C9AB958418}.Debug Renderer|x86.ActiveCfg = Debug|Any CPU
		{5FF6F1BC-9868-475B-8826-42C9AB958418}.Debug Renderer|x86.Build.0 = Debug|Any CPU
		{5FF6F1BC-9868-475B-8826-42C9AB958418}.Debug_contained|Any CPU.ActiveCfg = Debug|Any CPU
		{5FF6F1BC-9868-475B-8826-42C9AB958418}.Debug_contained|Any CPU.Build.0 = Debug|Any CPU
		{5FF6F1BC-9868-475B-8826-42C9AB958418}.Debug_contained|x86.ActiveCfg = Debug|Any CPU
		{5FF6F1BC-9868-475B-8826-42C9AB958418}.Debug_contained|x86.Build.0 = Debug|Any CPU
		{5FF6F1BC-9868-475B-8826-42C9AB958418}.Debug|Any CPU.ActiveCfg = Debug|Any CPU
		{5FF6F1BC-9868-475B-8826-42C9AB958418}.Debug|Any CPU.Build.0 = Debug|Any CPU
		{5FF6F1BC-9868-475B-8826-42C9AB958418}.Debug|x86.ActiveCfg = Debug|Any CPU
		{5FF6F1BC-9868-475B-8826-42C9AB958418}.Debug|x86.Build.0 = Debug|Any CPU
		{5FF6F1BC-9868-475B-8826-42C9AB958418}.Release Interface|Any CPU.ActiveCfg = Release|Any CPU
		{5FF6F1BC-9868-475B-8826-42C9AB958418}.Release Interface|Any CPU.Build.0 = Release|Any CPU
		{5FF6F1BC-9868-475B-8826-42C9AB958418}.Release Interface|x86.ActiveCfg = Release|Any CPU
		{5FF6F1BC-9868-475B-8826-42C9AB958418}.Release Interface|x86.Build.0 = Release|Any CPU
		{5FF6F1BC-9868-475B-8826-42C9AB958418}.Release|Any CPU.ActiveCfg = Release|Any CPU
		{5FF6F1BC-9868-475B-8826-42C9AB958418}.Release|Any CPU.Build.0 = Release|Any CPU
		{5FF6F1BC-9868-475B-8826-42C9AB958418}.Release|x86.ActiveCfg = Release|Any CPU
		{5FF6F1BC-9868-475B-8826-42C9AB958418}.Release|x86.Build.0 = Release|Any CPU
	EndGlobalSection
	GlobalSection(SolutionProperties) = preSolution
		HideSolutionNode = FALSE
	EndGlobalSection
EndGlobal
